
Microsoft Visual Studio Solution File, Format Version 12.00
# Visual Studio 2013
VisualStudioVersion = 12.0.21005.1
MinimumVisualStudioVersion = 10.0.40219.1
Project("{8BC9CEB8-8B4A-11D0-8D11-00A0C91BC942}") = "tcp2std", "tcp2std\tcp2std.vcxproj", "{63DB271F-16F6-431D-8CE6-265FB0922DAB}"
EndProject
Project("{8BC9CEB8-8B4A-11D0-8D11-00A0C91BC942}") = "tcpserver", "tcpserver\tcpserver.vcxproj", "{7A1DA1A4-31E0-468B-9AFB-32F97A796CF2}"
EndProject
Project("{8BC9CEB8-8B4A-11D0-8D11-00A0C91BC942}") = "PipeClient", "PipeClient\PipeClient.vcxproj", "{FFF54A7C-8C88-42D8-B535-334E4261C5DE}"
EndProject
Project("{8BC9CEB8-8B4A-11D0-8D11-00A0C91BC942}") = "TestPipeServer", "TestPipeServer\TestPipeServer.vcxproj", "{302D4CB3-0200-4F8A-9A34-4507146D5135}"
EndProject
Global
	GlobalSection(SolutionConfigurationPlatforms) = preSolution
		Debug|Win32 = Debug|Win32
		Release|Win32 = Release|Win32
	EndGlobalSection
	GlobalSection(ProjectConfigurationPlatforms) = postSolution
		{63DB271F-16F6-431D-8CE6-265FB0922DAB}.Debug|Win32.ActiveCfg = Debug|Win32
		{63DB271F-16F6-431D-8CE6-265FB0922DAB}.Debug|Win32.Build.0 = Debug|Win32
		{63DB271F-16F6-431D-8CE6-265FB0922DAB}.Release|Win32.ActiveCfg = Release|Win32
		{63DB271F-16F6-431D-8CE6-265FB0922DAB}.Release|Win32.Build.0 = Release|Win32
		{7A1DA1A4-31E0-468B-9AFB-32F97A796CF2}.Debug|Win32.ActiveCfg = Debug|Win32
		{7A1DA1A4-31E0-468B-9AFB-32F97A796CF2}.Debug|Win32.Build.0 = Debug|Win32
		{7A1DA1A4-31E0-468B-9AFB-32F97A796CF2}.Release|Win32.ActiveCfg = Release|Win32
		{7A1DA1A4-31E0-468B-9AFB-32F97A796CF2}.Release|Win32.Build.0 = Release|Win32
		{FFF54A7C-8C88-42D8-B535-334E4261C5DE}.Debug|Win32.ActiveCfg = Debug|Win32
		{FFF54A7C-8C88-42D8-B535-334E4261C5DE}.Debug|Win32.Build.0 = Debug|Win32
		{FFF54A7C-8C88-42D8-B535-334E4261C5DE}.Release|Win32.ActiveCfg = Release|Win32
		{FFF54A7C-8C88-42D8-B535-334E4261C5DE}.Release|Win32.Build.0 = Release|Win32
		{302D4CB3-0200-4F8A-9A34-4507146D5135}.Debug|Win32.ActiveCfg = Debug|Win32
		{302D4CB3-0200-4F8A-9A34-4507146D5135}.Debug|Win32.Build.0 = Debug|Win32
		{302D4CB3-0200-4F8A-9A34-4507146D5135}.Release|Win32.ActiveCfg = Release|Win32
		{302D4CB3-0200-4F8A-9A34-4507146D5135}.Release|Win32.Build.0 = Release|Win32
	EndGlobalSection
	GlobalSection(SolutionProperties) = preSolution
		HideSolutionNode = FALSE
	EndGlobalSection
EndGlobal
